{
  "name": "zenn-docs",
  "version": "1.0.0",
  "lockfileVersion": 3,
  "requires": true,
  "packages": {
    "": {
      "name": "zenn-docs",
      "version": "1.0.0",
      "license": "ISC",
      "dependencies": {
        "zenn-cli": "^0.1.134"
      },
      "devDependencies": {
        "prettier": "2.8.2",
        "prettier-plugin-md-nocjsp": "^1.5.0"
      }
    },
    "node_modules/prettier": {
      "version": "2.8.2",
      "resolved": "https://registry.npmjs.org/prettier/-/prettier-2.8.2.tgz",
      "integrity": "sha512-BtRV9BcncDyI2tsuS19zzhzoxD8Dh8LiCx7j7tHzrkz8GFXAexeWFdi22mjE1d16dftH2qNaytVxqiRTGlMfpw==",
      "dev": true,
      "bin": {
        "prettier": "bin-prettier.js"
      },
      "engines": {
        "node": ">=10.13.0"
      },
      "funding": {
        "url": "https://github.com/prettier/prettier?sponsor=1"
      }
    },
    "node_modules/prettier-plugin-md-nocjsp": {
      "version": "1.5.0",
      "resolved": "https://registry.npmjs.org/prettier-plugin-md-nocjsp/-/prettier-plugin-md-nocjsp-1.5.0.tgz",
      "integrity": "sha512-rrGFV1cOSz9P0cM1GeD0LYEJ92ptq2qlTngTRS+k22CFRgh+06HHfKy0uhb38Xtr6yLiFwXFCoXrlhS483bqqg==",
      "dev": true,
      "peerDependencies": {
        "prettier": "2.x"
      }
    },
    "node_modules/zenn-cli": {
      "version": "0.1.134",
      "resolved": "https://registry.npmjs.org/zenn-cli/-/zenn-cli-0.1.134.tgz",
      "integrity": "sha512-DOo5MZbGQagO0S2l5jvWtTgf6+OvHjrK3v1YE4SzeNldtHJ1FV+hafxu41+yIxtG/T0iqB6N/+kl2nY7rqJUYQ==",
      "bin": {
        "zenn": "dist/server/zenn.js"
      },
      "engines": {
        "node": ">=14.0.0"
      }
    }
  }
}
